
Microsoft Visual Studio Solution File, Format Version 12.00
# Visual Studio Version 16
VisualStudioVersion = 16.0.29209.62
MinimumVisualStudioVersion = 10.0.40219.1
Project("{9A19103F-16F7-4668-BE54-9A1E7A4F7556}") = "SoccerBet.Common", "SoccerBet.Common\SoccerBet.Common.csproj", "{82CD715E-EFC8-4ADC-B06A-EBDA381AF986}"
EndProject
Project("{9A19103F-16F7-4668-BE54-9A1E7A4F7556}") = "SoccerBet.Web", "SoccerWeb\SoccerBet.Web.csproj", "{C413F9D6-A750-4B7D-B338-B055FF5B1C1E}"
EndProject
Project("{FAE04EC0-301F-11D3-BF4B-00C04F79EFBC}") = "SoccerBet.Prism", "SoccerBet.Prism\SoccerBet.Prism\SoccerBet.Prism.csproj", "{6A8D15DB-3F6D-4C14-AA25-7D013E732FAE}"
EndProject
Project("{FAE04EC0-301F-11D3-BF4B-00C04F79EFBC}") = "SoccerBet.Prism.Android", "SoccerBet.Prism\SoccerBet.Prism.Android\SoccerBet.Prism.Android.csproj", "{9C49FB85-A0E8-4CCA-918F-5F267D6F3516}"
EndProject
Project("{FAE04EC0-301F-11D3-BF4B-00C04F79EFBC}") = "SoccerBet.Prism.iOS", "SoccerBet.Prism\SoccerBet.Prism.iOS\SoccerBet.Prism.iOS.csproj", "{ACD0CBDF-DEBC-458F-817A-A60F04F164E3}"
EndProject
Project("{FAE04EC0-301F-11D3-BF4B-00C04F79EFBC}") = "SoccerBet.Cross.Android", "SoccerBet.Cross.Android\SoccerBet.Cross.Android.csproj", "{1206659D-6A61-4238-96E3-42AAB69A232F}"
EndProject
Project("{FAE04EC0-301F-11D3-BF4B-00C04F79EFBC}") = "SoccerBet.Cross.iOS", "SoccerBet.Cross.iOS\SoccerBet.Cross.iOS.csproj", "{A7F92BA3-7B6F-47B7-83F1-D9ADDC1C003D}"
EndProject
Global
	GlobalSection(SolutionConfigurationPlatforms) = preSolution
		Ad-Hoc|Any CPU = Ad-Hoc|Any CPU
		Ad-Hoc|iPhone = Ad-Hoc|iPhone
		Ad-Hoc|iPhoneSimulator = Ad-Hoc|iPhoneSimulator
		AppStore|Any CPU = AppStore|Any CPU
		AppStore|iPhone = AppStore|iPhone
		AppStore|iPhoneSimulator = AppStore|iPhoneSimulator
		Debug|Any CPU = Debug|Any CPU
		Debug|iPhone = Debug|iPhone
		Debug|iPhoneSimulator = Debug|iPhoneSimulator
		Release|Any CPU = Release|Any CPU
		Release|iPhone = Release|iPhone
		Release|iPhoneSimulator = Release|iPhoneSimulator
	EndGlobalSection
	GlobalSection(ProjectConfigurationPlatforms) = postSolution
		{82CD715E-EFC8-4ADC-B06A-EBDA381AF986}.Ad-Hoc|Any CPU.ActiveCfg = Release|Any CPU
		{82CD715E-EFC8-4ADC-B06A-EBDA381AF986}.Ad-Hoc|Any CPU.Build.0 = Release|Any CPU
		{82CD715E-EFC8-4ADC-B06A-EBDA381AF986}.Ad-Hoc|iPhone.ActiveCfg = Release|Any CPU
		{82CD715E-EFC8-4ADC-B06A-EBDA381AF986}.Ad-Hoc|iPhone.Build.0 = Release|Any CPU
		{82CD715E-EFC8-4ADC-B06A-EBDA381AF986}.Ad-Hoc|iPhoneSimulator.ActiveCfg = Release|Any CPU
		{82CD715E-EFC8-4ADC-B06A-EBDA381AF986}.Ad-Hoc|iPhoneSimulator.Build.0 = Release|Any CPU
		{82CD715E-EFC8-4ADC-B06A-EBDA381AF986}.AppStore|Any CPU.ActiveCfg = Release|Any CPU
		{82CD715E-EFC8-4ADC-B06A-EBDA381AF986}.AppStore|Any CPU.Build.0 = Release|Any CPU
		{82CD715E-EFC8-4ADC-B06A-EBDA381AF986}.AppStore|iPhone.ActiveCfg = Release|Any CPU
		{82CD715E-EFC8-4ADC-B06A-EBDA381AF986}.AppStore|iPhone.Build.0 = Release|Any CPU
		{82CD715E-EFC8-4ADC-B06A-EBDA381AF986}.AppStore|iPhoneSimulator.ActiveCfg = Release|Any CPU
		{82CD715E-EFC8-4ADC-B06A-EBDA381AF986}.AppStore|iPhoneSimulator.Build.0 = Release|Any CPU
		{82CD715E-EFC8-4ADC-B06A-EBDA381AF986}.Debug|Any CPU.ActiveCfg = Debug|Any CPU
		{82CD715E-EFC8-4ADC-B06A-EBDA381AF986}.Debug|Any CPU.Build.0 = Debug|Any CPU
		{82CD715E-EFC8-4ADC-B06A-EBDA381AF986}.Debug|iPhone.ActiveCfg = Debug|Any CPU
		{82CD715E-EFC8-4ADC-B06A-EBDA381AF986}.Debug|iPhone.Build.0 = Debug|Any CPU
		{82CD715E-EFC8-4ADC-B06A-EBDA381AF986}.Debug|iPhoneSimulator.ActiveCfg = Debug|Any CPU
		{82CD715E-EFC8-4ADC-B06A-EBDA381AF986}.Debug|iPhoneSimulator.Build.0 = Debug|Any CPU
		{82CD715E-EFC8-4ADC-B06A-EBDA381AF986}.Release|Any CPU.ActiveCfg = Release|Any CPU
		{82CD715E-EFC8-4ADC-B06A-EBDA381AF986}.Release|Any CPU.Build.0 = Release|Any CPU
		{82CD715E-EFC8-4ADC-B06A-EBDA381AF986}.Release|iPhone.ActiveCfg = Release|Any CPU
		{82CD715E-EFC8-4ADC-B06A-EBDA381AF986}.Release|iPhone.Build.0 = Release|Any CPU
		{82CD715E-EFC8-4ADC-B06A-EBDA381AF986}.Release|iPhoneSimulator.ActiveCfg = Release|Any CPU
		{82CD715E-EFC8-4ADC-B06A-EBDA381AF986}.Release|iPhoneSimulator.Build.0 = Release|Any CPU
		{C413F9D6-A750-4B7D-B338-B055FF5B1C1E}.Ad-Hoc|Any CPU.ActiveCfg = Release|Any CPU
		{C413F9D6-A750-4B7D-B338-B055FF5B1C1E}.Ad-Hoc|Any CPU.Build.0 = Release|Any CPU
		{C413F9D6-A750-4B7D-B338-B055FF5B1C1E}.Ad-Hoc|iPhone.ActiveCfg = Release|Any CPU
		{C413F9D6-A750-4B7D-B338-B055FF5B1C1E}.Ad-Hoc|iPhone.Build.0 = Release|Any CPU
		{C413F9D6-A750-4B7D-B338-B055FF5B1C1E}.Ad-Hoc|iPhoneSimulator.ActiveCfg = Release|Any CPU
		{C413F9D6-A750-4B7D-B338-B055FF5B1C1E}.Ad-Hoc|iPhoneSimulator.Build.0 = Release|Any CPU
		{C413F9D6-A750-4B7D-B338-B055FF5B1C1E}.AppStore|Any CPU.ActiveCfg = Release|Any CPU
		{C413F9D6-A750-4B7D-B338-B055FF5B1C1E}.AppStore|Any CPU.Build.0 = Release|Any CPU
		{C413F9D6-A750-4B7D-B338-B055FF5B1C1E}.AppStore|iPhone.ActiveCfg = Release|Any CPU
		{C413F9D6-A750-4B7D-B338-B055FF5B1C1E}.AppStore|iPhone.Build.0 = Release|Any CPU
		{C413F9D6-A750-4B7D-B338-B055FF5B1C1E}.AppStore|iPhoneSimulator.ActiveCfg = Release|Any CPU
		{C413F9D6-A750-4B7D-B338-B055FF5B1C1E}.AppStore|iPhoneSimulator.Build.0 = Release|Any CPU
		{C413F9D6-A750-4B7D-B338-B055FF5B1C1E}.Debug|Any CPU.ActiveCfg = Debug|Any CPU
		{C413F9D6-A750-4B7D-B338-B055FF5B1C1E}.Debug|Any CPU.Build.0 = Debug|Any CPU
		{C413F9D6-A750-4B7D-B338-B055FF5B1C1E}.Debug|iPhone.ActiveCfg = Debug|Any CPU
		{C413F9D6-A750-4B7D-B338-B055FF5B1C1E}.Debug|iPhone.Build.0 = Debug|Any CPU
		{C413F9D6-A750-4B7D-B338-B055FF5B1C1E}.Debug|iPhoneSimulator.ActiveCfg = Debug|Any CPU
		{C413F9D6-A750-4B7D-B338-B055FF5B1C1E}.Debug|iPhoneSimulator.Build.0 = Debug|Any CPU
		{C413F9D6-A750-4B7D-B338-B055FF5B1C1E}.Release|Any CPU.ActiveCfg = Release|Any CPU
		{C413F9D6-A750-4B7D-B338-B055FF5B1C1E}.Release|Any CPU.Build.0 = Release|Any CPU
		{C413F9D6-A750-4B7D-B338-B055FF5B1C1E}.Release|iPhone.ActiveCfg = Release|Any CPU
		{C413F9D6-A750-4B7D-B338-B055FF5B1C1E}.Release|iPhone.Build.0 = Release|Any CPU
		{C413F9D6-A750-4B7D-B338-B055FF5B1C1E}.Release|iPhoneSimulator.ActiveCfg = Release|Any CPU
		{C413F9D6-A750-4B7D-B338-B055FF5B1C1E}.Release|iPhoneSimulator.Build.0 = Release|Any CPU
		{6A8D15DB-3F6D-4C14-AA25-7D013E732FAE}.Ad-Hoc|Any CPU.ActiveCfg = Debug|Any CPU
		{6A8D15DB-3F6D-4C14-AA25-7D013E732FAE}.Ad-Hoc|Any CPU.Build.0 = Debug|Any CPU
		{6A8D15DB-3F6D-4C14-AA25-7D013E732FAE}.Ad-Hoc|iPhone.ActiveCfg = Debug|Any CPU
		{6A8D15DB-3F6D-4C14-AA25-7D013E732FAE}.Ad-Hoc|iPhone.Build.0 = Debug|Any CPU
		{6A8D15DB-3F6D-4C14-AA25-7D013E732FAE}.Ad-Hoc|iPhoneSimulator.ActiveCfg = Debug|Any CPU
		{6A8D15DB-3F6D-4C14-AA25-7D013E732FAE}.Ad-Hoc|iPhoneSimulator.Build.0 = Debug|Any CPU
		{6A8D15DB-3F6D-4C14-AA25-7D013E732FAE}.AppStore|Any CPU.ActiveCfg = Debug|Any CPU
		{6A8D15DB-3F6D-4C14-AA25-7D013E732FAE}.AppStore|Any CPU.Build.0 = Debug|Any CPU
		{6A8D15DB-3F6D-4C14-AA25-7D013E732FAE}.AppStore|iPhone.ActiveCfg = Debug|Any CPU
		{6A8D15DB-3F6D-4C14-AA25-7D013E732FAE}.AppStore|iPhone.Build.0 = Debug|Any CPU
		{6A8D15DB-3F6D-4C14-AA25-7D013E732FAE}.AppStore|iPhoneSimulator.ActiveCfg = Debug|Any CPU
		{6A8D15DB-3F6D-4C14-AA25-7D013E732FAE}.AppStore|iPhoneSimulator.Build.0 = Debug|Any CPU
		{6A8D15DB-3F6D-4C14-AA25-7D013E732FAE}.Debug|Any CPU.ActiveCfg = Debug|Any CPU
		{6A8D15DB-3F6D-4C14-AA25-7D013E732FAE}.Debug|Any CPU.Build.0 = Debug|Any CPU
		{6A8D15DB-3F6D-4C14-AA25-7D013E732FAE}.Debug|iPhone.ActiveCfg = Debug|Any CPU
		{6A8D15DB-3F6D-4C14-AA25-7D013E732FAE}.Debug|iPhone.Build.0 = Debug|Any CPU
		{6A8D15DB-3F6D-4C14-AA25-7D013E732FAE}.Debug|iPhoneSimulator.ActiveCfg = Debug|Any CPU
		{6A8D15DB-3F6D-4C14-AA25-7D013E732FAE}.Debug|iPhoneSimulator.Build.0 = Debug|Any CPU
		{6A8D15DB-3F6D-4C14-AA25-7D013E732FAE}.Release|Any CPU.ActiveCfg = Release|Any CPU
		{6A8D15DB-3F6D-4C14-AA25-7D013E732FAE}.Release|Any CPU.Build.0 = Release|Any CPU
		{6A8D15DB-3F6D-4C14-AA25-7D013E732FAE}.Release|iPhone.ActiveCfg = Release|Any CPU
		{6A8D15DB-3F6D-4C14-AA25-7D013E732FAE}.Release|iPhone.Build.0 = Release|Any CPU
		{6A8D15DB-3F6D-4C14-AA25-7D013E732FAE}.Release|iPhoneSimulator.ActiveCfg = Release|Any CPU
		{6A8D15DB-3F6D-4C14-AA25-7D013E732FAE}.Release|iPhoneSimulator.Build.0 = Release|Any CPU
		{9C49FB85-A0E8-4CCA-918F-5F267D6F3516}.Ad-Hoc|Any CPU.ActiveCfg = Release|Any CPU
		{9C49FB85-A0E8-4CCA-918F-5F267D6F3516}.Ad-Hoc|Any CPU.Build.0 = Release|Any CPU
		{9C49FB85-A0E8-4CCA-918F-5F267D6F3516}.Ad-Hoc|Any CPU.Deploy.0 = Release|Any CPU
		{9C49FB85-A0E8-4CCA-918F-5F267D6F3516}.Ad-Hoc|iPhone.ActiveCfg = Release|Any CPU
		{9C49FB85-A0E8-4CCA-918F-5F267D6F3516}.Ad-Hoc|iPhone.Build.0 = Release|Any CPU
		{9C49FB85-A0E8-4CCA-918F-5F267D6F3516}.Ad-Hoc|iPhone.Deploy.0 = Release|Any CPU
		{9C49FB85-A0E8-4CCA-918F-5F267D6F3516}.Ad-Hoc|iPhoneSimulator.ActiveCfg = Release|Any CPU
		{9C49FB85-A0E8-4CCA-918F-5F267D6F3516}.Ad-Hoc|iPhoneSimulator.Build.0 = Release|Any CPU
		{9C49FB85-A0E8-4CCA-918F-5F267D6F3516}.Ad-Hoc|iPhoneSimulator.Deploy.0 = Release|Any CPU
		{9C49FB85-A0E8-4CCA-918F-5F267D6F3516}.AppStore|Any CPU.ActiveCfg = Release|Any CPU
		{9C49FB85-A0E8-4CCA-918F-5F267D6F3516}.AppStore|Any CPU.Build.0 = Release|Any CPU
		{9C49FB85-A0E8-4CCA-918F-5F267D6F3516}.AppStore|Any CPU.Deploy.0 = Release|Any CPU
		{9C49FB85-A0E8-4CCA-918F-5F267D6F3516}.AppStore|iPhone.ActiveCfg = Release|Any CPU
		{9C49FB85-A0E8-4CCA-918F-5F267D6F3516}.AppStore|iPhone.Build.0 = Release|Any CPU
		{9C49FB85-A0E8-4CCA-918F-5F267D6F3516}.AppStore|iPhone.Deploy.0 = Release|Any CPU
		{9C49FB85-A0E8-4CCA-918F-5F267D6F3516}.AppStore|iPhoneSimulator.ActiveCfg = Release|Any CPU
		{9C49FB85-A0E8-4CCA-918F-5F267D6F3516}.AppStore|iPhoneSimulator.Build.0 = Release|Any CPU
		{9C49FB85-A0E8-4CCA-918F-5F267D6F3516}.AppStore|iPhoneSimulator.Deploy.0 = Release|Any CPU
		{9C49FB85-A0E8-4CCA-918F-5F267D6F3516}.Debug|Any CPU.ActiveCfg = Debug|Any CPU
		{9C49FB85-A0E8-4CCA-918F-5F267D6F3516}.Debug|Any CPU.Build.0 = Debug|Any CPU
		{9C49FB85-A0E8-4CCA-918F-5F267D6F3516}.Debug|Any CPU.Deploy.0 = Debug|Any CPU
		{9C49FB85-A0E8-4CCA-918F-5F267D6F3516}.Debug|iPhone.ActiveCfg = Debug|Any CPU
		{9C49FB85-A0E8-4CCA-918F-5F267D6F3516}.Debug|iPhone.Build.0 = Debug|Any CPU
		{9C49FB85-A0E8-4CCA-918F-5F267D6F3516}.Debug|iPhone.Deploy.0 = Debug|Any CPU
		{9C49FB85-A0E8-4CCA-918F-5F267D6F3516}.Debug|iPhoneSimulator.ActiveCfg = Debug|Any CPU
		{9C49FB85-A0E8-4CCA-918F-5F267D6F3516}.Debug|iPhoneSimulator.Build.0 = Debug|Any CPU
		{9C49FB85-A0E8-4CCA-918F-5F267D6F3516}.Debug|iPhoneSimulator.Deploy.0 = Debug|Any CPU
		{9C49FB85-A0E8-4CCA-918F-5F267D6F3516}.Release|Any CPU.ActiveCfg = Release|Any CPU
		{9C49FB85-A0E8-4CCA-918F-5F267D6F3516}.Release|Any CPU.Build.0 = Release|Any CPU
		{9C49FB85-A0E8-4CCA-918F-5F267D6F3516}.Release|Any CPU.Deploy.0 = Release|Any CPU
		{9C49FB85-A0E8-4CCA-918F-5F267D6F3516}.Release|iPhone.ActiveCfg = Release|Any CPU
		{9C49FB85-A0E8-4CCA-918F-5F267D6F3516}.Release|iPhone.Build.0 = Release|Any CPU
		{9C49FB85-A0E8-4CCA-918F-5F267D6F3516}.Release|iPhone.Deploy.0 = Release|Any CPU
		{9C49FB85-A0E8-4CCA-918F-5F267D6F3516}.Release|iPhoneSimulator.ActiveCfg = Release|Any CPU
		{9C49FB85-A0E8-4CCA-918F-5F267D6F3516}.Release|iPhoneSimulator.Build.0 = Release|Any CPU
		{9C49FB85-A0E8-4CCA-918F-5F267D6F3516}.Release|iPhoneSimulator.Deploy.0 = Release|Any CPU
		{ACD0CBDF-DEBC-458F-817A-A60F04F164E3}.Ad-Hoc|Any CPU.ActiveCfg = Ad-Hoc|iPhone
		{ACD0CBDF-DEBC-458F-817A-A60F04F164E3}.Ad-Hoc|iPhone.ActiveCfg = Ad-Hoc|iPhone
		{ACD0CBDF-DEBC-458F-817A-A60F04F164E3}.Ad-Hoc|iPhone.Build.0 = Ad-Hoc|iPhone
		{ACD0CBDF-DEBC-458F-817A-A60F04F164E3}.Ad-Hoc|iPhoneSimulator.ActiveCfg = Ad-Hoc|iPhoneSimulator
		{ACD0CBDF-DEBC-458F-817A-A60F04F164E3}.Ad-Hoc|iPhoneSimulator.Build.0 = Ad-Hoc|iPhoneSimulator
		{ACD0CBDF-DEBC-458F-817A-A60F04F164E3}.AppStore|Any CPU.ActiveCfg = AppStore|iPhone
		{ACD0CBDF-DEBC-458F-817A-A60F04F164E3}.AppStore|iPhone.ActiveCfg = AppStore|iPhone
		{ACD0CBDF-DEBC-458F-817A-A60F04F164E3}.AppStore|iPhone.Build.0 = AppStore|iPhone
		{ACD0CBDF-DEBC-458F-817A-A60F04F164E3}.AppStore|iPhoneSimulator.ActiveCfg = AppStore|iPhoneSimulator
		{ACD0CBDF-DEBC-458F-817A-A60F04F164E3}.AppStore|iPhoneSimulator.Build.0 = AppStore|iPhoneSimulator
		{ACD0CBDF-DEBC-458F-817A-A60F04F164E3}.Debug|Any CPU.ActiveCfg = Debug|iPhone
		{ACD0CBDF-DEBC-458F-817A-A60F04F164E3}.Debug|iPhone.ActiveCfg = Debug|iPhone
		{ACD0CBDF-DEBC-458F-817A-A60F04F164E3}.Debug|iPhone.Build.0 = Debug|iPhone
		{ACD0CBDF-DEBC-458F-817A-A60F04F164E3}.Debug|iPhoneSimulator.ActiveCfg = Debug|iPhoneSimulator
		{ACD0CBDF-DEBC-458F-817A-A60F04F164E3}.Debug|iPhoneSimulator.Build.0 = Debug|iPhoneSimulator
		{ACD0CBDF-DEBC-458F-817A-A60F04F164E3}.Release|Any CPU.ActiveCfg = Release|iPhone
		{ACD0CBDF-DEBC-458F-817A-A60F04F164E3}.Release|iPhone.ActiveCfg = Release|iPhone
		{ACD0CBDF-DEBC-458F-817A-A60F04F164E3}.Release|iPhone.Build.0 = Release|iPhone
		{ACD0CBDF-DEBC-458F-817A-A60F04F164E3}.Release|iPhoneSimulator.ActiveCfg = Release|iPhoneSimulator
		{ACD0CBDF-DEBC-458F-817A-A60F04F164E3}.Release|iPhoneSimulator.Build.0 = Release|iPhoneSimulator
		{1206659D-6A61-4238-96E3-42AAB69A232F}.Ad-Hoc|Any CPU.ActiveCfg = Release|Any CPU
		{1206659D-6A61-4238-96E3-42AAB69A232F}.Ad-Hoc|Any CPU.Build.0 = Release|Any CPU
		{1206659D-6A61-4238-96E3-42AAB69A232F}.Ad-Hoc|Any CPU.Deploy.0 = Release|Any CPU
		{1206659D-6A61-4238-96E3-42AAB69A232F}.Ad-Hoc|iPhone.ActiveCfg = Release|Any CPU
		{1206659D-6A61-4238-96E3-42AAB69A232F}.Ad-Hoc|iPhone.Build.0 = Release|Any CPU
		{1206659D-6A61-4238-96E3-42AAB69A232F}.Ad-Hoc|iPhone.Deploy.0 = Release|Any CPU
		{1206659D-6A61-4238-96E3-42AAB69A232F}.Ad-Hoc|iPhoneSimulator.ActiveCfg = Release|Any CPU
		{1206659D-6A61-4238-96E3-42AAB69A232F}.Ad-Hoc|iPhoneSimulator.Build.0 = Release|Any CPU
		{1206659D-6A61-4238-96E3-42AAB69A232F}.Ad-Hoc|iPhoneSimulator.Deploy.0 = Release|Any CPU
		{1206659D-6A61-4238-96E3-42AAB69A232F}.AppStore|Any CPU.ActiveCfg = Release|Any CPU
		{1206659D-6A61-4238-96E3-42AAB69A232F}.AppStore|Any CPU.Build.0 = Release|Any CPU
		{1206659D-6A61-4238-96E3-42AAB69A232F}.AppStore|Any CPU.Deploy.0 = Release|Any CPU
		{1206659D-6A61-4238-96E3-42AAB69A232F}.AppStore|iPhone.ActiveCfg = Release|Any CPU
		{1206659D-6A61-4238-96E3-42AAB69A232F}.AppStore|iPhone.Build.0 = Release|Any CPU
		{1206659D-6A61-4238-96E3-42AAB69A232F}.AppStore|iPhone.Deploy.0 = Release|Any CPU
		{1206659D-6A61-4238-96E3-42AAB69A232F}.AppStore|iPhoneSimulator.ActiveCfg = Release|Any CPU
		{1206659D-6A61-4238-96E3-42AAB69A232F}.AppStore|iPhoneSimulator.Build.0 = Release|Any CPU
		{1206659D-6A61-4238-96E3-42AAB69A232F}.AppStore|iPhoneSimulator.Deploy.0 = Release|Any CPU
		{1206659D-6A61-4238-96E3-42AAB69A232F}.Debug|Any CPU.ActiveCfg = Debug|Any CPU
		{1206659D-6A61-4238-96E3-42AAB69A232F}.Debug|Any CPU.Build.0 = Debug|Any CPU
		{1206659D-6A61-4238-96E3-42AAB69A232F}.Debug|Any CPU.Deploy.0 = Debug|Any CPU
		{1206659D-6A61-4238-96E3-42AAB69A232F}.Debug|iPhone.ActiveCfg = Debug|Any CPU
		{1206659D-6A61-4238-96E3-42AAB69A232F}.Debug|iPhone.Build.0 = Debug|Any CPU
		{1206659D-6A61-4238-96E3-42AAB69A232F}.Debug|iPhone.Deploy.0 = Debug|Any CPU
		{1206659D-6A61-4238-96E3-42AAB69A232F}.Debug|iPhoneSimulator.ActiveCfg = Debug|Any CPU
		{1206659D-6A61-4238-96E3-42AAB69A232F}.Debug|iPhoneSimulator.Build.0 = Debug|Any CPU
		{1206659D-6A61-4238-96E3-42AAB69A232F}.Debug|iPhoneSimulator.Deploy.0 = Debug|Any CPU
		{1206659D-6A61-4238-96E3-42AAB69A232F}.Release|Any CPU.ActiveCfg = Release|Any CPU
		{1206659D-6A61-4238-96E3-42AAB69A232F}.Release|Any CPU.Build.0 = Release|Any CPU
		{1206659D-6A61-4238-96E3-42AAB69A232F}.Release|Any CPU.Deploy.0 = Release|Any CPU
		{1206659D-6A61-4238-96E3-42AAB69A232F}.Release|iPhone.ActiveCfg = Release|Any CPU
		{1206659D-6A61-4238-96E3-42AAB69A232F}.Release|iPhone.Build.0 = Release|Any CPU
		{1206659D-6A61-4238-96E3-42AAB69A232F}.Release|iPhone.Deploy.0 = Release|Any CPU
		{1206659D-6A61-4238-96E3-42AAB69A232F}.Release|iPhoneSimulator.ActiveCfg = Release|Any CPU
		{1206659D-6A61-4238-96E3-42AAB69A232F}.Release|iPhoneSimulator.Build.0 = Release|Any CPU
		{1206659D-6A61-4238-96E3-42AAB69A232F}.Release|iPhoneSimulator.Deploy.0 = Release|Any CPU
		{A7F92BA3-7B6F-47B7-83F1-D9ADDC1C003D}.Ad-Hoc|Any CPU.ActiveCfg = Release|iPhone
		{A7F92BA3-7B6F-47B7-83F1-D9ADDC1C003D}.Ad-Hoc|Any CPU.Build.0 = Release|iPhone
		{A7F92BA3-7B6F-47B7-83F1-D9ADDC1C003D}.Ad-Hoc|iPhone.ActiveCfg = Release|iPhone
		{A7F92BA3-7B6F-47B7-83F1-D9ADDC1C003D}.Ad-Hoc|iPhone.Build.0 = Release|iPhone
		{A7F92BA3-7B6F-47B7-83F1-D9ADDC1C003D}.Ad-Hoc|iPhoneSimulator.ActiveCfg = Release|iPhoneSimulator
		{A7F92BA3-7B6F-47B7-83F1-D9ADDC1C003D}.Ad-Hoc|iPhoneSimulator.Build.0 = Release|iPhoneSimulator
		{A7F92BA3-7B6F-47B7-83F1-D9ADDC1C003D}.AppStore|Any CPU.ActiveCfg = Release|iPhone
		{A7F92BA3-7B6F-47B7-83F1-D9ADDC1C003D}.AppStore|Any CPU.Build.0 = Release|iPhone
		{A7F92BA3-7B6F-47B7-83F1-D9ADDC1C003D}.AppStore|iPhone.ActiveCfg = Release|iPhone
		{A7F92BA3-7B6F-47B7-83F1-D9ADDC1C003D}.AppStore|iPhone.Build.0 = Release|iPhone
		{A7F92BA3-7B6F-47B7-83F1-D9ADDC1C003D}.AppStore|iPhoneSimulator.ActiveCfg = Release|iPhoneSimulator
		{A7F92BA3-7B6F-47B7-83F1-D9ADDC1C003D}.AppStore|iPhoneSimulator.Build.0 = Release|iPhoneSimulator
		{A7F92BA3-7B6F-47B7-83F1-D9ADDC1C003D}.Debug|Any CPU.ActiveCfg = Debug|iPhone
		{A7F92BA3-7B6F-47B7-83F1-D9ADDC1C003D}.Debug|iPhone.ActiveCfg = Debug|iPhone
		{A7F92BA3-7B6F-47B7-83F1-D9ADDC1C003D}.Debug|iPhone.Build.0 = Debug|iPhone
		{A7F92BA3-7B6F-47B7-83F1-D9ADDC1C003D}.Debug|iPhoneSimulator.ActiveCfg = Debug|iPhoneSimulator
		{A7F92BA3-7B6F-47B7-83F1-D9ADDC1C003D}.Debug|iPhoneSimulator.Build.0 = Debug|iPhoneSimulator
		{A7F92BA3-7B6F-47B7-83F1-D9ADDC1C003D}.Release|Any CPU.ActiveCfg = Release|iPhone
		{A7F92BA3-7B6F-47B7-83F1-D9ADDC1C003D}.Release|iPhone.ActiveCfg = Release|iPhone
		{A7F92BA3-7B6F-47B7-83F1-D9ADDC1C003D}.Release|iPhone.Build.0 = Release|iPhone
		{A7F92BA3-7B6F-47B7-83F1-D9ADDC1C003D}.Release|iPhoneSimulator.ActiveCfg = Release|iPhoneSimulator
		{A7F92BA3-7B6F-47B7-83F1-D9ADDC1C003D}.Release|iPhoneSimulator.Build.0 = Release|iPhoneSimulator
	EndGlobalSection
	GlobalSection(SolutionProperties) = preSolution
		HideSolutionNode = FALSE
	EndGlobalSection
	GlobalSection(ExtensibilityGlobals) = postSolution
		SolutionGuid = {5412A637-A611-4681-930C-ECF311DC9420}
	EndGlobalSection
EndGlobal
